// !$*UTF8*$!
{
	archiveVersion = 1;
	classes = {
	};
	objectVersion = 52;
	objects = {

/* Begin PBXBuildFile section */
		2D4F8DDA273AA20C002A7BF0 /* AppDelegate.swift in Sources */ = {isa = PBXBuildFile; fileRef = 2D4F8DD9273AA20C002A7BF0 /* AppDelegate.swift */; };
		2D4F8DDC273AA20C002A7BF0 /* SceneDelegate.swift in Sources */ = {isa = PBXBuildFile; fileRef = 2D4F8DDB273AA20C002A7BF0 /* SceneDelegate.swift */; };
		2D4F8DE1273AA20C002A7BF0 /* Main.storyboard in Resources */ = {isa = PBXBuildFile; fileRef = 2D4F8DDF273AA20C002A7BF0 /* Main.storyboard */; };
		2D4F8DE3273AA20E002A7BF0 /* Assets.xcassets in Resources */ = {isa = PBXBuildFile; fileRef = 2D4F8DE2273AA20E002A7BF0 /* Assets.xcassets */; };
		2D4F8DE6273AA20E002A7BF0 /* LaunchScreen.storyboard in Resources */ = {isa = PBXBuildFile; fileRef = 2D4F8DE4273AA20E002A7BF0 /* LaunchScreen.storyboard */; };
		2D4F8DEE273AA757002A7BF0 /* GoogleService-Info.plist in Resources */ = {isa = PBXBuildFile; fileRef = 2D4F8DED273AA757002A7BF0 /* GoogleService-Info.plist */; };
		2D4F8DF1273AA877002A7BF0 /* FirebaseAnalytics in Frameworks */ = {isa = PBXBuildFile; productRef = 2D4F8DF0273AA877002A7BF0 /* FirebaseAnalytics */; };
		2D4F8DF3273AA877002A7BF0 /* FirebaseFirestoreSwift-Beta in Frameworks */ = {isa = PBXBuildFile; productRef = 2D4F8DF2273AA877002A7BF0 /* FirebaseFirestoreSwift-Beta */; };
		2D4F8DF5273AA877002A7BF0 /* FirebaseAuth in Frameworks */ = {isa = PBXBuildFile; productRef = 2D4F8DF4273AA877002A7BF0 /* FirebaseAuth */; };
		2D4F8DF7273AA877002A7BF0 /* FirebaseFirestore in Frameworks */ = {isa = PBXBuildFile; productRef = 2D4F8DF6273AA877002A7BF0 /* FirebaseFirestore */; };
		2D4F8DF9273AB323002A7BF0 /* SpotifyTrackViewController.swift in Sources */ = {isa = PBXBuildFile; fileRef = 2D4F8DF8273AB323002A7BF0 /* SpotifyTrackViewController.swift */; };
		2D4F8DFB273ABC5E002A7BF0 /* Firebase Struct.swift in Sources */ = {isa = PBXBuildFile; fileRef = 2D4F8DFA273ABC5E002A7BF0 /* Firebase Struct.swift */; };
		2D4F8DFD273AC795002A7BF0 /* SpotifyTableViewController.swift in Sources */ = {isa = PBXBuildFile; fileRef = 2D4F8DFC273AC795002A7BF0 /* SpotifyTableViewController.swift */; };
		2D4F8E00273AC7B6002A7BF0 /* SpotifyInfoTableViewCell.swift in Sources */ = {isa = PBXBuildFile; fileRef = 2D4F8DFF273AC7B6002A7BF0 /* SpotifyInfoTableViewCell.swift */; };
/* End PBXBuildFile section */

/* Begin PBXFileReference section */
		2D4F8DD6273AA20C002A7BF0 /* Swift Practice # 112 Firestore Read.app */ = {isa = PBXFileReference; explicitFileType = wrapper.application; includeInIndex = 0; path = "Swift Practice # 112 Firestore Read.app"; sourceTree = BUILT_PRODUCTS_DIR; };
		2D4F8DD9273AA20C002A7BF0 /* AppDelegate.swift */ = {isa = PBXFileReference; lastKnownFileType = sourcecode.swift; path = AppDelegate.swift; sourceTree = "<group>"; };
		2D4F8DDB273AA20C002A7BF0 /* SceneDelegate.swift */ = {isa = PBXFileReference; lastKnownFileType = sourcecode.swift; path = SceneDelegate.swift; sourceTree = "<group>"; };
		2D4F8DE0273AA20C002A7BF0 /* Base */ = {isa = PBXFileReference; lastKnownFileType = file.storyboard; name = Base; path = Base.lproj/Main.storyboard; sourceTree = "<group>"; };
		2D4F8DE2273AA20E002A7BF0 /* Assets.xcassets */ = {isa = PBXFileReference; lastKnownFileType = folder.assetcatalog; path = Assets.xcassets; sourceTree = "<group>"; };
		2D4F8DE5273AA20E002A7BF0 /* Base */ = {isa = PBXFileReference; lastKnownFileType = file.storyboard; name = Base; path = Base.lproj/LaunchScreen.storyboard; sourceTree = "<group>"; };
		2D4F8DE7273AA20E002A7BF0 /* Info.plist */ = {isa = PBXFileReference; lastKnownFileType = text.plist.xml; path = Info.plist; sourceTree = "<group>"; };
		2D4F8DED273AA757002A7BF0 /* GoogleService-Info.plist */ = {isa = PBXFileReference; fileEncoding = 4; lastKnownFileType = text.plist.xml; path = "GoogleService-Info.plist"; sourceTree = "<group>"; };
		2D4F8DF8273AB323002A7BF0 /* SpotifyTrackViewController.swift */ = {isa = PBXFileReference; lastKnownFileType = sourcecode.swift; path = SpotifyTrackViewController.swift; sourceTree = "<group>"; };
		2D4F8DFA273ABC5E002A7BF0 /* Firebase Struct.swift */ = {isa = PBXFileReference; lastKnownFileType = sourcecode.swift; path = "Firebase Struct.swift"; sourceTree = "<group>"; };
		2D4F8DFC273AC795002A7BF0 /* SpotifyTableViewController.swift */ = {isa = PBXFileReference; lastKnownFileType = sourcecode.swift; path = SpotifyTableViewController.swift; sourceTree = "<group>"; };
		2D4F8DFF273AC7B6002A7BF0 /* SpotifyInfoTableViewCell.swift */ = {isa = PBXFileReference; lastKnownFileType = sourcecode.swift; path = SpotifyInfoTableViewCell.swift; sourceTree = "<group>"; };
/* End PBXFileReference section */

/* Begin PBXFrameworksBuildPhase section */
		2D4F8DD3273AA20C002A7BF0 /* Frameworks */ = {
			isa = PBXFrameworksBuildPhase;
			buildActionMask = 2147483647;
			files = (
				2D4F8DF1273AA877002A7BF0 /* FirebaseAnalytics in Frameworks */,
				2D4F8DF7273AA877002A7BF0 /* FirebaseFirestore in Frameworks */,
				2D4F8DF5273AA877002A7BF0 /* FirebaseAuth in Frameworks */,
				2D4F8DF3273AA877002A7BF0 /* FirebaseFirestoreSwift-Beta in Frameworks */,
			);
			runOnlyForDeploymentPostprocessing = 0;
		};
/* End PBXFrameworksBuildPhase section */

/* Begin PBXGroup section */
		2D4F8DCD273AA20C002A7BF0 = {
			isa = PBXGroup;
			children = (
				2D4F8DD8273AA20C002A7BF0 /* Swift Practice # 112 Firestore Read */,
				2D4F8DD7273AA20C002A7BF0 /* Products */,
			);
			sourceTree = "<group>";
		};
		2D4F8DD7273AA20C002A7BF0 /* Products */ = {
			isa = PBXGroup;
			children = (
				2D4F8DD6273AA20C002A7BF0 /* Swift Practice # 112 Firestore Read.app */,
			);
			name = Products;
			sourceTree = "<group>";
		};
		2D4F8DD8273AA20C002A7BF0 /* Swift Practice # 112 Firestore Read */ = {
			isa = PBXGroup;
			children = (
				2D4F8DFE273AC798002A7BF0 /* TableView */,
				2D4F8DD9273AA20C002A7BF0 /* AppDelegate.swift */,
				2D4F8DDB273AA20C002A7BF0 /* SceneDelegate.swift */,
				2D4F8DF8273AB323002A7BF0 /* SpotifyTrackViewController.swift */,
				2D4F8DFA273ABC5E002A7BF0 /* Firebase Struct.swift */,
				2D4F8DDF273AA20C002A7BF0 /* Main.storyboard */,
				2D4F8DE2273AA20E002A7BF0 /* Assets.xcassets */,
				2D4F8DE4273AA20E002A7BF0 /* LaunchScreen.storyboard */,
				2D4F8DE7273AA20E002A7BF0 /* Info.plist */,
				2D4F8DED273AA757002A7BF0 /* GoogleService-Info.plist */,
			);
			path = "Swift Practice # 112 Firestore Read";
			sourceTree = "<group>";
		};
		2D4F8DFE273AC798002A7BF0 /* TableView */ = {
			isa = PBXGroup;
			children = (
				2D4F8DFC273AC795002A7BF0 /* SpotifyTableViewController.swift */,
				2D4F8DFF273AC7B6002A7BF0 /* SpotifyInfoTableViewCell.swift */,
			);
			path = TableView;
			sourceTree = "<group>";
		};
/* End PBXGroup section */

/* Begin PBXNativeTarget section */
		2D4F8DD5273AA20C002A7BF0 /* Swift Practice # 112 Firestore Read */ = {
			isa = PBXNativeTarget;
			buildConfigurationList = 2D4F8DEA273AA20E002A7BF0 /* Build configuration list for PBXNativeTarget "Swift Practice # 112 Firestore Read" */;
			buildPhases = (
				2D4F8DD2273AA20C002A7BF0 /* Sources */,
				2D4F8DD3273AA20C002A7BF0 /* Frameworks */,
				2D4F8DD4273AA20C002A7BF0 /* Resources */,
			);
			buildRules = (
			);
			dependencies = (
			);
			name = "Swift Practice # 112 Firestore Read";
			packageProductDependencies = (
				2D4F8DF0273AA877002A7BF0 /* FirebaseAnalytics */,
				2D4F8DF2273AA877002A7BF0 /* FirebaseFirestoreSwift-Beta */,
				2D4F8DF4273AA877002A7BF0 /* FirebaseAuth */,
				2D4F8DF6273AA877002A7BF0 /* FirebaseFirestore */,
			);
			productName = "Swift Practice # 112 Firestore Read";
			productReference = 2D4F8DD6273AA20C002A7BF0 /* Swift Practice # 112 Firestore Read.app */;
			productType = "com.apple.product-type.application";
		};
/* End PBXNativeTarget section */

/* Begin PBXProject section */
		2D4F8DCE273AA20C002A7BF0 /* Project object */ = {
			isa = PBXProject;
			attributes = {
				LastSwiftUpdateCheck = 1250;
				LastUpgradeCheck = 1250;
				TargetAttributes = {
					2D4F8DD5273AA20C002A7BF0 = {
						CreatedOnToolsVersion = 12.5.1;
					};
				};
			};
			buildConfigurationList = 2D4F8DD1273AA20C002A7BF0 /* Build configuration list for PBXProject "Swift Practice # 112 Firestore Read" */;
			compatibilityVersion = "Xcode 9.3";
			developmentRegion = en;
			hasScannedForEncodings = 0;
			knownRegions = (
				en,
				Base,
			);
			mainGroup = 2D4F8DCD273AA20C002A7BF0;
			packageReferences = (
				2D4F8DEF273AA877002A7BF0 /* XCRemoteSwiftPackageReference "firebase-ios-sdk" */,
			);
			productRefGroup = 2D4F8DD7273AA20C002A7BF0 /* Products */;
			projectDirPath = "";
			projectRoot = "";
			targets = (
				2D4F8DD5273AA20C002A7BF0 /* Swift Practice # 112 Firestore Read */,
			);
		};
/* End PBXProject section */

/* Begin PBXResourcesBuildPhase section */
		2D4F8DD4273AA20C002A7BF0 /* Resources */ = {
			isa = PBXResourcesBuildPhase;
			buildActionMask = 2147483647;
			files = (
				2D4F8DE6273AA20E002A7BF0 /* LaunchScreen.storyboard in Resources */,
				2D4F8DEE273AA757002A7BF0 /* GoogleService-Info.plist in Resources */,
				2D4F8DE3273AA20E002A7BF0 /* Assets.xcassets in Resources */,
				2D4F8DE1273AA20C002A7BF0 /* Main.storyboard in Resources */,
			);
			runOnlyForDeploymentPostprocessing = 0;
		};
/* End PBXResourcesBuildPhase section */

/* Begin PBXSourcesBuildPhase section */
		2D4F8DD2273AA20C002A7BF0 /* Sources */ = {
			isa = PBXSourcesBuildPhase;
			buildActionMask = 2147483647;
			files = (
				2D4F8E00273AC7B6002A7BF0 /* SpotifyInfoTableViewCell.swift in Sources */,
				2D4F8DF9273AB323002A7BF0 /* SpotifyTrackViewController.swift in Sources */,
				2D4F8DDA273AA20C002A7BF0 /* AppDelegate.swift in Sources */,
				2D4F8DFB273ABC5E002A7BF0 /* Firebase Struct.swift in Sources */,
				2D4F8DDC273AA20C002A7BF0 /* SceneDelegate.swift in Sources */,
				2D4F8DFD273AC795002A7BF0 /* SpotifyTableViewController.swift in Sources */,
			);
			runOnlyForDeploymentPostprocessing = 0;
		};
/* End PBXSourcesBuildPhase section */

/* Begin PBXVariantGroup section */
		2D4F8DDF273AA20C002A7BF0 /* Main.storyboard */ = {
			isa = PBXVariantGroup;
			children = (
				2D4F8DE0273AA20C002A7BF0 /* Base */,
			);
			name = Main.storyboard;
			sourceTree = "<group>";
		};
		2D4F8DE4273AA20E002A7BF0 /* LaunchScreen.storyboard */ = {
			isa = PBXVariantGroup;
			children = (
				2D4F8DE5273AA20E002A7BF0 /* Base */,
			);
			name = LaunchScreen.storyboard;
			sourceTree = "<group>";
		};
/* End PBXVariantGroup section */

/* Begin XCBuildConfiguration section */
		2D4F8DE8273AA20E002A7BF0 /* Debug */ = {
			isa = XCBuildConfiguration;
			buildSettings = {
				ALWAYS_SEARCH_USER_PATHS = NO;
				CLANG_ANALYZER_NONNULL = YES;
				CLANG_ANALYZER_NUMBER_OBJECT_CONVERSION = YES_AGGRESSIVE;
				CLANG_CXX_LANGUAGE_STANDARD = "gnu++14";
				CLANG_CXX_LIBRARY = "libc++";
				CLANG_ENABLE_MODULES = YES;
				CLANG_ENABLE_OBJC_ARC = YES;
				CLANG_ENABLE_OBJC_WEAK = YES;
				CLANG_WARN_BLOCK_CAPTURE_AUTORELEASING = YES;
				CLANG_WARN_BOOL_CONVERSION = YES;
				CLANG_WARN_COMMA = YES;
				CLANG_WARN_CONSTANT_CONVERSION = YES;
				CLANG_WARN_DEPRECATED_OBJC_IMPLEMENTATIONS = YES;
				CLANG_WARN_DIRECT_OBJC_ISA_USAGE = YES_ERROR;
				CLANG_WARN_DOCUMENTATION_COMMENTS = YES;
				CLANG_WARN_EMPTY_BODY = YES;
				CLANG_WARN_ENUM_CONVERSION = YES;
				CLANG_WARN_INFINITE_RECURSION = YES;
				CLANG_WARN_INT_CONVERSION = YES;
				CLANG_WARN_NON_LITERAL_NULL_CONVERSION = YES;
				CLANG_WARN_OBJC_IMPLICIT_RETAIN_SELF = YES;
				CLANG_WARN_OBJC_LITERAL_CONVERSION = YES;
				CLANG_WARN_OBJC_ROOT_CLASS = YES_ERROR;
				CLANG_WARN_QUOTED_INCLUDE_IN_FRAMEWORK_HEADER = YES;
				CLANG_WARN_RANGE_LOOP_ANALYSIS = YES;
				CLANG_WARN_STRICT_PROTOTYPES = YES;
				CLANG_WARN_SUSPICIOUS_MOVE = YES;
				CLANG_WARN_UNGUARDED_AVAILABILITY = YES_AGGRESSIVE;
				CLANG_WARN_UNREACHABLE_CODE = YES;
				CLANG_WARN__DUPLICATE_METHOD_MATCH = YES;
				COPY_PHASE_STRIP = NO;
				DEBUG_INFORMATION_FORMAT = dwarf;
				ENABLE_STRICT_OBJC_MSGSEND = YES;
				ENABLE_TESTABILITY = YES;
				GCC_C_LANGUAGE_STANDARD = gnu11;
				GCC_DYNAMIC_NO_PIC = NO;
				GCC_NO_COMMON_BLOCKS = YES;
				GCC_OPTIMIZATION_LEVEL = 0;
				GCC_PREPROCESSOR_DEFINITIONS = (
					"DEBUG=1",
					"$(inherited)",
				);
				GCC_WARN_64_TO_32_BIT_CONVERSION = YES;
				GCC_WARN_ABOUT_RETURN_TYPE = YES_ERROR;
				GCC_WARN_UNDECLARED_SELECTOR = YES;
				GCC_WARN_UNINITIALIZED_AUTOS = YES_AGGRESSIVE;
				GCC_WARN_UNUSED_FUNCTION = YES;
				GCC_WARN_UNUSED_VARIABLE = YES;
				IPHONEOS_DEPLOYMENT_TARGET = 14.5;
				MTL_ENABLE_DEBUG_INFO = INCLUDE_SOURCE;
				MTL_FAST_MATH = YES;
				ONLY_ACTIVE_ARCH = YES;
				SDKROOT = iphoneos;
				SWIFT_ACTIVE_COMPILATION_CONDITIONS = DEBUG;
				SWIFT_OPTIMIZATION_LEVEL = "-Onone";
			};
			name = Debug;
		};
		2D4F8DE9273AA20E002A7BF0 /* Release */ = {
			isa = XCBuildConfiguration;
			buildSettings = {
				ALWAYS_SEARCH_USER_PATHS = NO;
				CLANG_ANALYZER_NONNULL = YES;
				CLANG_ANALYZER_NUMBER_OBJECT_CONVERSION = YES_AGGRESSIVE;
				CLANG_CXX_LANGUAGE_STANDARD = "gnu++14";
				CLANG_CXX_LIBRARY = "libc++";
				CLANG_ENABLE_MODULES = YES;
				CLANG_ENABLE_OBJC_ARC = YES;
				CLANG_ENABLE_OBJC_WEAK = YES;
				CLANG_WARN_BLOCK_CAPTURE_AUTORELEASING = YES;
				CLANG_WARN_BOOL_CONVERSION = YES;
				CLANG_WARN_COMMA = YES;
				CLANG_WARN_CONSTANT_CONVERSION = YES;
				CLANG_WARN_DEPRECATED_OBJC_IMPLEMENTATIONS = YES;
				CLANG_WARN_DIRECT_OBJC_ISA_USAGE = YES_ERROR;
				CLANG_WARN_DOCUMENTATION_COMMENTS = YES;
				CLANG_WARN_EMPTY_BODY = YES;
				CLANG_WARN_ENUM_CONVERSION = YES;
				CLANG_WARN_INFINITE_RECURSION = YES;
				CLANG_WARN_INT_CONVERSION = YES;
				CLANG_WARN_NON_LITERAL_NULL_CONVERSION = YES;
				CLANG_WARN_OBJC_IMPLICIT_RETAIN_SELF = YES;
				CLANG_WARN_OBJC_LITERAL_CONVERSION = YES;
				CLANG_WARN_OBJC_ROOT_CLASS = YES_ERROR;
				CLANG_WARN_QUOTED_INCLUDE_IN_FRAMEWORK_HEADER = YES;
				CLANG_WARN_RANGE_LOOP_ANALYSIS = YES;
				CLANG_WARN_STRICT_PROTOTYPES = YES;
				CLANG_WARN_SUSPICIOUS_MOVE = YES;
				CLANG_WARN_UNGUARDED_AVAILABILITY = YES_AGGRESSIVE;
				CLANG_WARN_UNREACHABLE_CODE = YES;
				CLANG_WARN__DUPLICATE_METHOD_MATCH = YES;
				COPY_PHASE_STRIP = NO;
				DEBUG_INFORMATION_FORMAT = "dwarf-with-dsym";
				ENABLE_NS_ASSERTIONS = NO;
				ENABLE_STRICT_OBJC_MSGSEND = YES;
				GCC_C_LANGUAGE_STANDARD = gnu11;
				GCC_NO_COMMON_BLOCKS = YES;
				GCC_WARN_64_TO_32_BIT_CONVERSION = YES;
				GCC_WARN_ABOUT_RETURN_TYPE = YES_ERROR;
				GCC_WARN_UNDECLARED_SELECTOR = YES;
				GCC_WARN_UNINITIALIZED_AUTOS = YES_AGGRESSIVE;
				GCC_WARN_UNUSED_FUNCTION = YES;
				GCC_WARN_UNUSED_VARIABLE = YES;
				IPHONEOS_DEPLOYMENT_TARGET = 14.5;
				MTL_ENABLE_DEBUG_INFO = NO;
				MTL_FAST_MATH = YES;
				SDKROOT = iphoneos;
				SWIFT_COMPILATION_MODE = wholemodule;
				SWIFT_OPTIMIZATION_LEVEL = "-O";
				VALIDATE_PRODUCT = YES;
			};
			name = Release;
		};
		2D4F8DEB273AA20E002A7BF0 /* Debug */ = {
			isa = XCBuildConfiguration;
			buildSettings = {
				ASSETCATALOG_COMPILER_APPICON_NAME = AppIcon;
				ASSETCATALOG_COMPILER_GLOBAL_ACCENT_COLOR_NAME = AccentColor;
				CODE_SIGN_STYLE = Automatic;
				DEVELOPMENT_TEAM = 4R6R23ZPJ5;
				INFOPLIST_FILE = "Swift Practice # 112 Firestore Read/Info.plist";
				LD_RUNPATH_SEARCH_PATHS = (
					"$(inherited)",
					"@executable_path/Frameworks",
				);
				PRODUCT_BUNDLE_IDENTIFIER = "Dogpa.Swift-Practice---112-Firestore-Read";
				PRODUCT_NAME = "$(TARGET_NAME)";
				SWIFT_VERSION = 5.0;
				TARGETED_DEVICE_FAMILY = "1,2";
			};
			name = Debug;
		};
		2D4F8DEC273AA20E002A7BF0 /* Release */ = {
			isa = XCBuildConfiguration;
			buildSettings = {
				ASSETCATALOG_COMPILER_APPICON_NAME = AppIcon;
				ASSETCATALOG_COMPILER_GLOBAL_ACCENT_COLOR_NAME = AccentColor;
				CODE_SIGN_STYLE = Automatic;
				DEVELOPMENT_TEAM = 4R6R23ZPJ5;
				INFOPLIST_FILE = "Swift Practice # 112 Firestore Read/Info.plist";
				LD_RUNPATH_SEARCH_PATHS = (
					"$(inherited)",
					"@executable_path/Frameworks",
				);
				PRODUCT_BUNDLE_IDENTIFIER = "Dogpa.Swift-Practice---112-Firestore-Read";
				PRODUCT_NAME = "$(TARGET_NAME)";
				SWIFT_VERSION = 5.0;
				TARGETED_DEVICE_FAMILY = "1,2";
			};
			name = Release;
		};
/* End XCBuildConfiguration section */

/* Begin XCConfigurationList section */
		2D4F8DD1273AA20C002A7BF0 /* Build configuration list for PBXProject "Swift Practice # 112 Firestore Read" */ = {
			isa = XCConfigurationList;
			buildConfigurations = (
				2D4F8DE8273AA20E002A7BF0 /* Debug */,
				2D4F8DE9273AA20E002A7BF0 /* Release */,
			);
			defaultConfigurationIsVisible = 0;
			defaultConfigurationName = Release;
		};
		2D4F8DEA273AA20E002A7BF0 /* Build configuration list for PBXNativeTarget "Swift Practice # 112 Firestore Read" */ = {
			isa = XCConfigurationList;
			buildConfigurations = (
				2D4F8DEB273AA20E002A7BF0 /* Debug */,
				2D4F8DEC273AA20E002A7BF0 /* Release */,
			);
			defaultConfigurationIsVisible = 0;
			defaultConfigurationName = Release;
		};
/* End XCConfigurationList section */

/* Begin XCRemoteSwiftPackageReference section */
		2D4F8DEF273AA877002A7BF0 /* XCRemoteSwiftPackageReference "firebase-ios-sdk" */ = {
			isa = XCRemoteSwiftPackageReference;
			repositoryURL = "https://github.com/firebase/firebase-ios-sdk.git";
			requirement = {
				kind = upToNextMajorVersion;
				minimumVersion = 8.9.1;
			};
		};
/* End XCRemoteSwiftPackageReference section */

/* Begin XCSwiftPackageProductDependency section */
		2D4F8DF0273AA877002A7BF0 /* FirebaseAnalytics */ = {
			isa = XCSwiftPackageProductDependency;
			package = 2D4F8DEF273AA877002A7BF0 /* XCRemoteSwiftPackageReference "firebase-ios-sdk" */;
			productName = FirebaseAnalytics;
		};
		2D4F8DF2273AA877002A7BF0 /* FirebaseFirestoreSwift-Beta */ = {
			isa = XCSwiftPackageProductDependency;
			package = 2D4F8DEF273AA877002A7BF0 /* XCRemoteSwiftPackageReference "firebase-ios-sdk" */;
			productName = "FirebaseFirestoreSwift-Beta";
		};
		2D4F8DF4273AA877002A7BF0 /* FirebaseAuth */ = {
			isa = XCSwiftPackageProductDependency;
			package = 2D4F8DEF273AA877002A7BF0 /* XCRemoteSwiftPackageReference "firebase-ios-sdk" */;
			productName = FirebaseAuth;
		};
		2D4F8DF6273AA877002A7BF0 /* FirebaseFirestore */ = {
			isa = XCSwiftPackageProductDependency;
			package = 2D4F8DEF273AA877002A7BF0 /* XCRemoteSwiftPackageReference "firebase-ios-sdk" */;
			productName = FirebaseFirestore;
		};
/* End XCSwiftPackageProductDependency section */
	};
	rootObject = 2D4F8DCE273AA20C002A7BF0 /* Project object */;
}
